// !$*UTF8*$!
{
	archiveVersion = 1;
	classes = {
	};
	objectVersion = 55;
	objects = {

/* Begin PBXBuildFile section */
		2B4965692839462A00266A00 /* AppDelegate.swift in Sources */ = {isa = PBXBuildFile; fileRef = 2B4965682839462A00266A00 /* AppDelegate.swift */; };
		2B49656B2839462A00266A00 /* SceneDelegate.swift in Sources */ = {isa = PBXBuildFile; fileRef = 2B49656A2839462A00266A00 /* SceneDelegate.swift */; };
		2B49656D2839462A00266A00 /* ViewController.swift in Sources */ = {isa = PBXBuildFile; fileRef = 2B49656C2839462A00266A00 /* ViewController.swift */; };
		2B4965702839462A00266A00 /* Main.storyboard in Resources */ = {isa = PBXBuildFile; fileRef = 2B49656E2839462A00266A00 /* Main.storyboard */; };
		2B4965722839462B00266A00 /* Assets.xcassets in Resources */ = {isa = PBXBuildFile; fileRef = 2B4965712839462B00266A00 /* Assets.xcassets */; };
		2B4965752839462B00266A00 /* LaunchScreen.storyboard in Resources */ = {isa = PBXBuildFile; fileRef = 2B4965732839462B00266A00 /* LaunchScreen.storyboard */; };
		2B4965802839462C00266A00 /* trackerTests.swift in Sources */ = {isa = PBXBuildFile; fileRef = 2B49657F2839462C00266A00 /* trackerTests.swift */; };
		2B49658A2839462C00266A00 /* trackerUITests.swift in Sources */ = {isa = PBXBuildFile; fileRef = 2B4965892839462C00266A00 /* trackerUITests.swift */; };
		2B49658C2839462C00266A00 /* trackerUITestsLaunchTests.swift in Sources */ = {isa = PBXBuildFile; fileRef = 2B49658B2839462C00266A00 /* trackerUITestsLaunchTests.swift */; };
		E72D2796283D069B00A92F7B /* BlePeripheral.swift in Sources */ = {isa = PBXBuildFile; fileRef = E72D2794283D069B00A92F7B /* BlePeripheral.swift */; };
		E72D2797283D069B00A92F7B /* CBUUIDs.swift in Sources */ = {isa = PBXBuildFile; fileRef = E72D2795283D069B00A92F7B /* CBUUIDs.swift */; };
/* End PBXBuildFile section */

/* Begin PBXContainerItemProxy section */
		2B49657C2839462C00266A00 /* PBXContainerItemProxy */ = {
			isa = PBXContainerItemProxy;
			containerPortal = 2B49655D2839462A00266A00 /* Project object */;
			proxyType = 1;
			remoteGlobalIDString = 2B4965642839462A00266A00;
			remoteInfo = tracker;
		};
		2B4965862839462C00266A00 /* PBXContainerItemProxy */ = {
			isa = PBXContainerItemProxy;
			containerPortal = 2B49655D2839462A00266A00 /* Project object */;
			proxyType = 1;
			remoteGlobalIDString = 2B4965642839462A00266A00;
			remoteInfo = tracker;
		};
/* End PBXContainerItemProxy section */

/* Begin PBXFileReference section */
		2B4965652839462A00266A00 /* tracker.app */ = {isa = PBXFileReference; explicitFileType = wrapper.application; includeInIndex = 0; path = tracker.app; sourceTree = BUILT_PRODUCTS_DIR; };
		2B4965682839462A00266A00 /* AppDelegate.swift */ = {isa = PBXFileReference; lastKnownFileType = sourcecode.swift; path = AppDelegate.swift; sourceTree = "<group>"; };
		2B49656A2839462A00266A00 /* SceneDelegate.swift */ = {isa = PBXFileReference; lastKnownFileType = sourcecode.swift; path = SceneDelegate.swift; sourceTree = "<group>"; };
		2B49656C2839462A00266A00 /* ViewController.swift */ = {isa = PBXFileReference; lastKnownFileType = sourcecode.swift; path = ViewController.swift; sourceTree = "<group>"; };
		2B49656F2839462A00266A00 /* Base */ = {isa = PBXFileReference; lastKnownFileType = file.storyboard; name = Base; path = Base.lproj/Main.storyboard; sourceTree = "<group>"; };
		2B4965712839462B00266A00 /* Assets.xcassets */ = {isa = PBXFileReference; lastKnownFileType = folder.assetcatalog; path = Assets.xcassets; sourceTree = "<group>"; };
		2B4965742839462B00266A00 /* Base */ = {isa = PBXFileReference; lastKnownFileType = file.storyboard; name = Base; path = Base.lproj/LaunchScreen.storyboard; sourceTree = "<group>"; };
		2B4965762839462B00266A00 /* Info.plist */ = {isa = PBXFileReference; lastKnownFileType = text.plist.xml; path = Info.plist; sourceTree = "<group>"; };
		2B49657B2839462C00266A00 /* trackerTests.xctest */ = {isa = PBXFileReference; explicitFileType = wrapper.cfbundle; includeInIndex = 0; path = trackerTests.xctest; sourceTree = BUILT_PRODUCTS_DIR; };
		2B49657F2839462C00266A00 /* trackerTests.swift */ = {isa = PBXFileReference; lastKnownFileType = sourcecode.swift; path = trackerTests.swift; sourceTree = "<group>"; };
		2B4965852839462C00266A00 /* trackerUITests.xctest */ = {isa = PBXFileReference; explicitFileType = wrapper.cfbundle; includeInIndex = 0; path = trackerUITests.xctest; sourceTree = BUILT_PRODUCTS_DIR; };
		2B4965892839462C00266A00 /* trackerUITests.swift */ = {isa = PBXFileReference; lastKnownFileType = sourcecode.swift; path = trackerUITests.swift; sourceTree = "<group>"; };
		2B49658B2839462C00266A00 /* trackerUITestsLaunchTests.swift */ = {isa = PBXFileReference; lastKnownFileType = sourcecode.swift; path = trackerUITestsLaunchTests.swift; sourceTree = "<group>"; };
		E72D2794283D069B00A92F7B /* BlePeripheral.swift */ = {isa = PBXFileReference; fileEncoding = 4; lastKnownFileType = sourcecode.swift; path = BlePeripheral.swift; sourceTree = "<group>"; };
		E72D2795283D069B00A92F7B /* CBUUIDs.swift */ = {isa = PBXFileReference; fileEncoding = 4; lastKnownFileType = sourcecode.swift; path = CBUUIDs.swift; sourceTree = "<group>"; };
/* End PBXFileReference section */

/* Begin PBXFrameworksBuildPhase section */
		2B4965622839462A00266A00 /* Frameworks */ = {
			isa = PBXFrameworksBuildPhase;
			buildActionMask = 2147483647;
			files = (
			);
			runOnlyForDeploymentPostprocessing = 0;
		};
		2B4965782839462C00266A00 /* Frameworks */ = {
			isa = PBXFrameworksBuildPhase;
			buildActionMask = 2147483647;
			files = (
			);
			runOnlyForDeploymentPostprocessing = 0;
		};
		2B4965822839462C00266A00 /* Frameworks */ = {
			isa = PBXFrameworksBuildPhase;
			buildActionMask = 2147483647;
			files = (
			);
			runOnlyForDeploymentPostprocessing = 0;
		};
/* End PBXFrameworksBuildPhase section */

/* Begin PBXGroup section */
		2B49655C2839462A00266A00 = {
			isa = PBXGroup;
			children = (
				2B4965672839462A00266A00 /* tracker */,
				2B49657E2839462C00266A00 /* trackerTests */,
				2B4965882839462C00266A00 /* trackerUITests */,
				2B4965662839462A00266A00 /* Products */,
			);
			sourceTree = "<group>";
		};
		2B4965662839462A00266A00 /* Products */ = {
			isa = PBXGroup;
			children = (
				2B4965652839462A00266A00 /* tracker.app */,
				2B49657B2839462C00266A00 /* trackerTests.xctest */,
				2B4965852839462C00266A00 /* trackerUITests.xctest */,
			);
			name = Products;
			sourceTree = "<group>";
		};
		2B4965672839462A00266A00 /* tracker */ = {
			isa = PBXGroup;
			children = (
				E72D2794283D069B00A92F7B /* BlePeripheral.swift */,
				E72D2795283D069B00A92F7B /* CBUUIDs.swift */,
				2B4965682839462A00266A00 /* AppDelegate.swift */,
				2B49656A2839462A00266A00 /* SceneDelegate.swift */,
				2B49656C2839462A00266A00 /* ViewController.swift */,
				2B49656E2839462A00266A00 /* Main.storyboard */,
				2B4965712839462B00266A00 /* Assets.xcassets */,
				2B4965732839462B00266A00 /* LaunchScreen.storyboard */,
				2B4965762839462B00266A00 /* Info.plist */,
			);
			path = tracker;
			sourceTree = "<group>";
		};
		2B49657E2839462C00266A00 /* trackerTests */ = {
			isa = PBXGroup;
			children = (
				2B49657F2839462C00266A00 /* trackerTests.swift */,
			);
			path = trackerTests;
			sourceTree = "<group>";
		};
		2B4965882839462C00266A00 /* trackerUITests */ = {
			isa = PBXGroup;
			children = (
				2B4965892839462C00266A00 /* trackerUITests.swift */,
				2B49658B2839462C00266A00 /* trackerUITestsLaunchTests.swift */,
			);
			path = trackerUITests;
			sourceTree = "<group>";
		};
/* End PBXGroup section */

/* Begin PBXNativeTarget section */
		2B4965642839462A00266A00 /* tracker */ = {
			isa = PBXNativeTarget;
			buildConfigurationList = 2B49658F2839462C00266A00 /* Build configuration list for PBXNativeTarget "tracker" */;
			buildPhases = (
				2B4965612839462A00266A00 /* Sources */,
				2B4965622839462A00266A00 /* Frameworks */,
				2B4965632839462A00266A00 /* Resources */,
			);
			buildRules = (
			);
			dependencies = (
			);
			name = tracker;
			productName = tracker;
			productReference = 2B4965652839462A00266A00 /* tracker.app */;
			productType = "com.apple.product-type.application";
		};
		2B49657A2839462C00266A00 /* trackerTests */ = {
			isa = PBXNativeTarget;
			buildConfigurationList = 2B4965922839462C00266A00 /* Build configuration list for PBXNativeTarget "trackerTests" */;
			buildPhases = (
				2B4965772839462C00266A00 /* Sources */,
				2B4965782839462C00266A00 /* Frameworks */,
				2B4965792839462C00266A00 /* Resources */,
			);
			buildRules = (
			);
			dependencies = (
				2B49657D2839462C00266A00 /* PBXTargetDependency */,
			);
			name = trackerTests;
			productName = trackerTests;
			productReference = 2B49657B2839462C00266A00 /* trackerTests.xctest */;
			productType = "com.apple.product-type.bundle.unit-test";
		};
		2B4965842839462C00266A00 /* trackerUITests */ = {
			isa = PBXNativeTarget;
			buildConfigurationList = 2B4965952839462C00266A00 /* Build configuration list for PBXNativeTarget "trackerUITests" */;
			buildPhases = (
				2B4965812839462C00266A00 /* Sources */,
				2B4965822839462C00266A00 /* Frameworks */,
				2B4965832839462C00266A00 /* Resources */,
			);
			buildRules = (
			);
			dependencies = (
				2B4965872839462C00266A00 /* PBXTargetDependency */,
			);
			name = trackerUITests;
			productName = trackerUITests;
			productReference = 2B4965852839462C00266A00 /* trackerUITests.xctest */;
			productType = "com.apple.product-type.bundle.ui-testing";
		};
/* End PBXNativeTarget section */

/* Begin PBXProject section */
		2B49655D2839462A00266A00 /* Project object */ = {
			isa = PBXProject;
			attributes = {
				BuildIndependentTargetsInParallel = 1;
				LastSwiftUpdateCheck = 1340;
				LastUpgradeCheck = 1340;
				TargetAttributes = {
					2B4965642839462A00266A00 = {
						CreatedOnToolsVersion = 13.4;
					};
					2B49657A2839462C00266A00 = {
						CreatedOnToolsVersion = 13.4;
						TestTargetID = 2B4965642839462A00266A00;
					};
					2B4965842839462C00266A00 = {
						CreatedOnToolsVersion = 13.4;
						TestTargetID = 2B4965642839462A00266A00;
					};
				};
			};
			buildConfigurationList = 2B4965602839462A00266A00 /* Build configuration list for PBXProject "tracker" */;
			compatibilityVersion = "Xcode 13.0";
			developmentRegion = en;
			hasScannedForEncodings = 0;
			knownRegions = (
				en,
				Base,
			);
			mainGroup = 2B49655C2839462A00266A00;
			productRefGroup = 2B4965662839462A00266A00 /* Products */;
			projectDirPath = "";
			projectRoot = "";
			targets = (
				2B4965642839462A00266A00 /* tracker */,
				2B49657A2839462C00266A00 /* trackerTests */,
				2B4965842839462C00266A00 /* trackerUITests */,
			);
		};
/* End PBXProject section */

/* Begin PBXResourcesBuildPhase section */
		2B4965632839462A00266A00 /* Resources */ = {
			isa = PBXResourcesBuildPhase;
			buildActionMask = 2147483647;
			files = (
				2B4965752839462B00266A00 /* LaunchScreen.storyboard in Resources */,
				2B4965722839462B00266A00 /* Assets.xcassets in Resources */,
				2B4965702839462A00266A00 /* Main.storyboard in Resources */,
			);
			runOnlyForDeploymentPostprocessing = 0;
		};
		2B4965792839462C00266A00 /* Resources */ = {
			isa = PBXResourcesBuildPhase;
			buildActionMask = 2147483647;
			files = (
			);
			runOnlyForDeploymentPostprocessing = 0;
		};
		2B4965832839462C00266A00 /* Resources */ = {
			isa = PBXResourcesBuildPhase;
			buildActionMask = 2147483647;
			files = (
			);
			runOnlyForDeploymentPostprocessing = 0;
		};
/* End PBXResourcesBuildPhase section */

/* Begin PBXSourcesBuildPhase section */
		2B4965612839462A00266A00 /* Sources */ = {
			isa = PBXSourcesBuildPhase;
			buildActionMask = 2147483647;
			files = (
				2B49656D2839462A00266A00 /* ViewController.swift in Sources */,
				E72D2796283D069B00A92F7B /* BlePeripheral.swift in Sources */,
				E72D2797283D069B00A92F7B /* CBUUIDs.swift in Sources */,
				2B4965692839462A00266A00 /* AppDelegate.swift in Sources */,
				2B49656B2839462A00266A00 /* SceneDelegate.swift in Sources */,
			);
			runOnlyForDeploymentPostprocessing = 0;
		};
		2B4965772839462C00266A00 /* Sources */ = {
			isa = PBXSourcesBuildPhase;
			buildActionMask = 2147483647;
			files = (
				2B4965802839462C00266A00 /* trackerTests.swift in Sources */,
			);
			runOnlyForDeploymentPostprocessing = 0;
		};
		2B4965812839462C00266A00 /* Sources */ = {
			isa = PBXSourcesBuildPhase;
			buildActionMask = 2147483647;
			files = (
				2B49658A2839462C00266A00 /* trackerUITests.swift in Sources */,
				2B49658C2839462C00266A00 /* trackerUITestsLaunchTests.swift in Sources */,
			);
			runOnlyForDeploymentPostprocessing = 0;
		};
/* End PBXSourcesBuildPhase section */

/* Begin PBXTargetDependency section */
		2B49657D2839462C00266A00 /* PBXTargetDependency */ = {
			isa = PBXTargetDependency;
			target = 2B4965642839462A00266A00 /* tracker */;
			targetProxy = 2B49657C2839462C00266A00 /* PBXContainerItemProxy */;
		};
		2B4965872839462C00266A00 /* PBXTargetDependency */ = {
			isa = PBXTargetDependency;
			target = 2B4965642839462A00266A00 /* tracker */;
			targetProxy = 2B4965862839462C00266A00 /* PBXContainerItemProxy */;
		};
/* End PBXTargetDependency section */

/* Begin PBXVariantGroup section */
		2B49656E2839462A00266A00 /* Main.storyboard */ = {
			isa = PBXVariantGroup;
			children = (
				2B49656F2839462A00266A00 /* Base */,
			);
			name = Main.storyboard;
			sourceTree = "<group>";
		};
		2B4965732839462B00266A00 /* LaunchScreen.storyboard */ = {
			isa = PBXVariantGroup;
			children = (
				2B4965742839462B00266A00 /* Base */,
			);
			name = LaunchScreen.storyboard;
			sourceTree = "<group>";
		};
/* End PBXVariantGroup section */

/* Begin XCBuildConfiguration section */
		2B49658D2839462C00266A00 /* Debug */ = {
			isa = XCBuildConfiguration;
			buildSettings = {
				ALWAYS_SEARCH_USER_PATHS = NO;
				CLANG_ANALYZER_NONNULL = YES;
				CLANG_ANALYZER_NUMBER_OBJECT_CONVERSION = YES_AGGRESSIVE;
				CLANG_CXX_LANGUAGE_STANDARD = "gnu++17";
				CLANG_ENABLE_MODULES = YES;
				CLANG_ENABLE_OBJC_ARC = YES;
				CLANG_ENABLE_OBJC_WEAK = YES;
				CLANG_WARN_BLOCK_CAPTURE_AUTORELEASING = YES;
				CLANG_WARN_BOOL_CONVERSION = YES;
				CLANG_WARN_COMMA = YES;
				CLANG_WARN_CONSTANT_CONVERSION = YES;
				CLANG_WARN_DEPRECATED_OBJC_IMPLEMENTATIONS = YES;
				CLANG_WARN_DIRECT_OBJC_ISA_USAGE = YES_ERROR;
				CLANG_WARN_DOCUMENTATION_COMMENTS = YES;
				CLANG_WARN_EMPTY_BODY = YES;
				CLANG_WARN_ENUM_CONVERSION = YES;
				CLANG_WARN_INFINITE_RECURSION = YES;
				CLANG_WARN_INT_CONVERSION = YES;
				CLANG_WARN_NON_LITERAL_NULL_CONVERSION = YES;
				CLANG_WARN_OBJC_IMPLICIT_RETAIN_SELF = YES;
				CLANG_WARN_OBJC_LITERAL_CONVERSION = YES;
				CLANG_WARN_OBJC_ROOT_CLASS = YES_ERROR;
				CLANG_WARN_QUOTED_INCLUDE_IN_FRAMEWORK_HEADER = YES;
				CLANG_WARN_RANGE_LOOP_ANALYSIS = YES;
				CLANG_WARN_STRICT_PROTOTYPES = YES;
				CLANG_WARN_SUSPICIOUS_MOVE = YES;
				CLANG_WARN_UNGUARDED_AVAILABILITY = YES_AGGRESSIVE;
				CLANG_WARN_UNREACHABLE_CODE = YES;
				CLANG_WARN__DUPLICATE_METHOD_MATCH = YES;
				COPY_PHASE_STRIP = NO;
				DEBUG_INFORMATION_FORMAT = dwarf;
				ENABLE_STRICT_OBJC_MSGSEND = YES;
				ENABLE_TESTABILITY = YES;
				GCC_C_LANGUAGE_STANDARD = gnu11;
				GCC_DYNAMIC_NO_PIC = NO;
				GCC_NO_COMMON_BLOCKS = YES;
				GCC_OPTIMIZATION_LEVEL = 0;
				GCC_PREPROCESSOR_DEFINITIONS = (
					"DEBUG=1",
					"$(inherited)",
				);
				GCC_WARN_64_TO_32_BIT_CONVERSION = YES;
				GCC_WARN_ABOUT_RETURN_TYPE = YES_ERROR;
				GCC_WARN_UNDECLARED_SELECTOR = YES;
				GCC_WARN_UNINITIALIZED_AUTOS = YES_AGGRESSIVE;
				GCC_WARN_UNUSED_FUNCTION = YES;
				GCC_WARN_UNUSED_VARIABLE = YES;
				IPHONEOS_DEPLOYMENT_TARGET = 15.5;
				MTL_ENABLE_DEBUG_INFO = INCLUDE_SOURCE;
				MTL_FAST_MATH = YES;
				ONLY_ACTIVE_ARCH = YES;
				SDKROOT = iphoneos;
				SWIFT_ACTIVE_COMPILATION_CONDITIONS = DEBUG;
				SWIFT_OPTIMIZATION_LEVEL = "-Onone";
			};
			name = Debug;
		};
		2B49658E2839462C00266A00 /* Release */ = {
			isa = XCBuildConfiguration;
			buildSettings = {
				ALWAYS_SEARCH_USER_PATHS = NO;
				CLANG_ANALYZER_NONNULL = YES;
				CLANG_ANALYZER_NUMBER_OBJECT_CONVERSION = YES_AGGRESSIVE;
				CLANG_CXX_LANGUAGE_STANDARD = "gnu++17";
				CLANG_ENABLE_MODULES = YES;
				CLANG_ENABLE_OBJC_ARC = YES;
				CLANG_ENABLE_OBJC_WEAK = YES;
				CLANG_WARN_BLOCK_CAPTURE_AUTORELEASING = YES;
				CLANG_WARN_BOOL_CONVERSION = YES;
				CLANG_WARN_COMMA = YES;
				CLANG_WARN_CONSTANT_CONVERSION = YES;
				CLANG_WARN_DEPRECATED_OBJC_IMPLEMENTATIONS = YES;
				CLANG_WARN_DIRECT_OBJC_ISA_USAGE = YES_ERROR;
				CLANG_WARN_DOCUMENTATION_COMMENTS = YES;
				CLANG_WARN_EMPTY_BODY = YES;
				CLANG_WARN_ENUM_CONVERSION = YES;
				CLANG_WARN_INFINITE_RECURSION = YES;
				CLANG_WARN_INT_CONVERSION = YES;
				CLANG_WARN_NON_LITERAL_NULL_CONVERSION = YES;
				CLANG_WARN_OBJC_IMPLICIT_RETAIN_SELF = YES;
				CLANG_WARN_OBJC_LITERAL_CONVERSION = YES;
				CLANG_WARN_OBJC_ROOT_CLASS = YES_ERROR;
				CLANG_WARN_QUOTED_INCLUDE_IN_FRAMEWORK_HEADER = YES;
				CLANG_WARN_RANGE_LOOP_ANALYSIS = YES;
				CLANG_WARN_STRICT_PROTOTYPES = YES;
				CLANG_WARN_SUSPICIOUS_MOVE = YES;
				CLANG_WARN_UNGUARDED_AVAILABILITY = YES_AGGRESSIVE;
				CLANG_WARN_UNREACHABLE_CODE = YES;
				CLANG_WARN__DUPLICATE_METHOD_MATCH = YES;
				COPY_PHASE_STRIP = NO;
				DEBUG_INFORMATION_FORMAT = "dwarf-with-dsym";
				ENABLE_NS_ASSERTIONS = NO;
				ENABLE_STRICT_OBJC_MSGSEND = YES;
				GCC_C_LANGUAGE_STANDARD = gnu11;
				GCC_NO_COMMON_BLOCKS = YES;
				GCC_WARN_64_TO_32_BIT_CONVERSION = YES;
				GCC_WARN_ABOUT_RETURN_TYPE = YES_ERROR;
				GCC_WARN_UNDECLARED_SELECTOR = YES;
				GCC_WARN_UNINITIALIZED_AUTOS = YES_AGGRESSIVE;
				GCC_WARN_UNUSED_FUNCTION = YES;
				GCC_WARN_UNUSED_VARIABLE = YES;
				IPHONEOS_DEPLOYMENT_TARGET = 15.5;
				MTL_ENABLE_DEBUG_INFO = NO;
				MTL_FAST_MATH = YES;
				SDKROOT = iphoneos;
				SWIFT_COMPILATION_MODE = wholemodule;
				SWIFT_OPTIMIZATION_LEVEL = "-O";
				VALIDATE_PRODUCT = YES;
			};
			name = Release;
		};
		2B4965902839462C00266A00 /* Debug */ = {
			isa = XCBuildConfiguration;
			buildSettings = {
				ASSETCATALOG_COMPILER_APPICON_NAME = AppIcon;
				ASSETCATALOG_COMPILER_GLOBAL_ACCENT_COLOR_NAME = AccentColor;
				CODE_SIGN_STYLE = Automatic;
				CURRENT_PROJECT_VERSION = 1;
				DEVELOPMENT_TEAM = H4BX5AZEY7;
				GENERATE_INFOPLIST_FILE = YES;
				INFOPLIST_FILE = tracker/Info.plist;
				INFOPLIST_KEY_UIApplicationSupportsIndirectInputEvents = YES;
				INFOPLIST_KEY_UILaunchStoryboardName = LaunchScreen;
				INFOPLIST_KEY_UIMainStoryboardFile = Main;
				INFOPLIST_KEY_UISupportedInterfaceOrientations_iPad = "UIInterfaceOrientationPortrait UIInterfaceOrientationPortraitUpsideDown UIInterfaceOrientationLandscapeLeft UIInterfaceOrientationLandscapeRight";
				INFOPLIST_KEY_UISupportedInterfaceOrientations_iPhone = "UIInterfaceOrientationPortrait UIInterfaceOrientationLandscapeLeft UIInterfaceOrientationLandscapeRight";
				LD_RUNPATH_SEARCH_PATHS = (
					"$(inherited)",
					"@executable_path/Frameworks",
				);
				MARKETING_VERSION = 1.0;
				PRODUCT_BUNDLE_IDENTIFIER = kr.starpicker.tracker;
				PRODUCT_NAME = "$(TARGET_NAME)";
				SWIFT_EMIT_LOC_STRINGS = YES;
				SWIFT_VERSION = 5.0;
				TARGETED_DEVICE_FAMILY = "1,2";
			};
			name = Debug;
		};
		2B4965912839462C00266A00 /* Release */ = {
			isa = XCBuildConfiguration;
			buildSettings = {
				ASSETCATALOG_COMPILER_APPICON_NAME = AppIcon;
				ASSETCATALOG_COMPILER_GLOBAL_ACCENT_COLOR_NAME = AccentColor;
				CODE_SIGN_STYLE = Automatic;
				CURRENT_PROJECT_VERSION = 1;
				DEVELOPMENT_TEAM = H4BX5AZEY7;
				GENERATE_INFOPLIST_FILE = YES;
				INFOPLIST_FILE = tracker/Info.plist;
				INFOPLIST_KEY_UIApplicationSupportsIndirectInputEvents = YES;
				INFOPLIST_KEY_UILaunchStoryboardName = LaunchScreen;
				INFOPLIST_KEY_UIMainStoryboardFile = Main;
				INFOPLIST_KEY_UISupportedInterfaceOrientations_iPad = "UIInterfaceOrientationPortrait UIInterfaceOrientationPortraitUpsideDown UIInterfaceOrientationLandscapeLeft UIInterfaceOrientationLandscapeRight";
				INFOPLIST_KEY_UISupportedInterfaceOrientations_iPhone = "UIInterfaceOrientationPortrait UIInterfaceOrientationLandscapeLeft UIInterfaceOrientationLandscapeRight";
				LD_RUNPATH_SEARCH_PATHS = (
					"$(inherited)",
					"@executable_path/Frameworks",
				);
				MARKETING_VERSION = 1.0;
				PRODUCT_BUNDLE_IDENTIFIER = kr.starpicker.tracker;
				PRODUCT_NAME = "$(TARGET_NAME)";
				SWIFT_EMIT_LOC_STRINGS = YES;
				SWIFT_VERSION = 5.0;
				TARGETED_DEVICE_FAMILY = "1,2";
			};
			name = Release;
		};
		2B4965932839462C00266A00 /* Debug */ = {
			isa = XCBuildConfiguration;
			buildSettings = {
				ALWAYS_EMBED_SWIFT_STANDARD_LIBRARIES = YES;
				BUNDLE_LOADER = "$(TEST_HOST)";
				CODE_SIGN_STYLE = Automatic;
				CURRENT_PROJECT_VERSION = 1;
				GENERATE_INFOPLIST_FILE = YES;
				IPHONEOS_DEPLOYMENT_TARGET = 15.5;
				MARKETING_VERSION = 1.0;
				PRODUCT_BUNDLE_IDENTIFIER = kr.starpicker.trackerTests;
				PRODUCT_NAME = "$(TARGET_NAME)";
				SWIFT_EMIT_LOC_STRINGS = NO;
				SWIFT_VERSION = 5.0;
				TARGETED_DEVICE_FAMILY = "1,2";
				TEST_HOST = "$(BUILT_PRODUCTS_DIR)/tracker.app/tracker";
			};
			name = Debug;
		};
		2B4965942839462C00266A00 /* Release */ = {
			isa = XCBuildConfiguration;
			buildSettings = {
				ALWAYS_EMBED_SWIFT_STANDARD_LIBRARIES = YES;
				BUNDLE_LOADER = "$(TEST_HOST)";
				CODE_SIGN_STYLE = Automatic;
				CURRENT_PROJECT_VERSION = 1;
				GENERATE_INFOPLIST_FILE = YES;
				IPHONEOS_DEPLOYMENT_TARGET = 15.5;
				MARKETING_VERSION = 1.0;
				PRODUCT_BUNDLE_IDENTIFIER = kr.starpicker.trackerTests;
				PRODUCT_NAME = "$(TARGET_NAME)";
				SWIFT_EMIT_LOC_STRINGS = NO;
				SWIFT_VERSION = 5.0;
				TARGETED_DEVICE_FAMILY = "1,2";
				TEST_HOST = "$(BUILT_PRODUCTS_DIR)/tracker.app/tracker";
			};
			name = Release;
		};
		2B4965962839462C00266A00 /* Debug */ = {
			isa = XCBuildConfiguration;
			buildSettings = {
				ALWAYS_EMBED_SWIFT_STANDARD_LIBRARIES = YES;
				CODE_SIGN_STYLE = Automatic;
				CURRENT_PROJECT_VERSION = 1;
				GENERATE_INFOPLIST_FILE = YES;
				MARKETING_VERSION = 1.0;
				PRODUCT_BUNDLE_IDENTIFIER = kr.starpicker.trackerUITests;
				PRODUCT_NAME = "$(TARGET_NAME)";
				SWIFT_EMIT_LOC_STRINGS = NO;
				SWIFT_VERSION = 5.0;
				TARGETED_DEVICE_FAMILY = "1,2";
				TEST_TARGET_NAME = tracker;
			};
			name = Debug;
		};
		2B4965972839462C00266A00 /* Release */ = {
			isa = XCBuildConfiguration;
			buildSettings = {
				ALWAYS_EMBED_SWIFT_STANDARD_LIBRARIES = YES;
				CODE_SIGN_STYLE = Automatic;
				CURRENT_PROJECT_VERSION = 1;
				GENERATE_INFOPLIST_FILE = YES;
				MARKETING_VERSION = 1.0;
				PRODUCT_BUNDLE_IDENTIFIER = kr.starpicker.trackerUITests;
				PRODUCT_NAME = "$(TARGET_NAME)";
				SWIFT_EMIT_LOC_STRINGS = NO;
				SWIFT_VERSION = 5.0;
				TARGETED_DEVICE_FAMILY = "1,2";
				TEST_TARGET_NAME = tracker;
			};
			name = Release;
		};
/* End XCBuildConfiguration section */

/* Begin XCConfigurationList section */
		2B4965602839462A00266A00 /* Build configuration list for PBXProject "tracker" */ = {
			isa = XCConfigurationList;
			buildConfigurations = (
				2B49658D2839462C00266A00 /* Debug */,
				2B49658E2839462C00266A00 /* Release */,
			);
			defaultConfigurationIsVisible = 0;
			defaultConfigurationName = Release;
		};
		2B49658F2839462C00266A00 /* Build configuration list for PBXNativeTarget "tracker" */ = {
			isa = XCConfigurationList;
			buildConfigurations = (
				2B4965902839462C00266A00 /* Debug */,
				2B4965912839462C00266A00 /* Release */,
			);
			defaultConfigurationIsVisible = 0;
			defaultConfigurationName = Release;
		};
		2B4965922839462C00266A00 /* Build configuration list for PBXNativeTarget "trackerTests" */ = {
			isa = XCConfigurationList;
			buildConfigurations = (
				2B4965932839462C00266A00 /* Debug */,
				2B4965942839462C00266A00 /* Release */,
			);
			defaultConfigurationIsVisible = 0;
			defaultConfigurationName = Release;
		};
		2B4965952839462C00266A00 /* Build configuration list for PBXNativeTarget "trackerUITests" */ = {
			isa = XCConfigurationList;
			buildConfigurations = (
				2B4965962839462C00266A00 /* Debug */,
				2B4965972839462C00266A00 /* Release */,
			);
			defaultConfigurationIsVisible = 0;
			defaultConfigurationName = Release;
		};
/* End XCConfigurationList section */
	};
	rootObject = 2B49655D2839462A00266A00 /* Project object */;
}
